
Microsoft Visual Studio Solution File, Format Version 12.00
# Visual Studio 15
VisualStudioVersion = 15.0.28307.1267
MinimumVisualStudioVersion = 10.0.40219.1
Project("{FAE04EC0-301F-11D3-BF4B-00C04F79EFBC}") = "ClientProxy-P4-001", "ClientProxy-P4-001\ClientProxy-P4-001.csproj", "{6C3C964D-586F-436E-818E-D4CBFA58717C}"
EndProject
Global
	GlobalSection(SolutionConfigurationPlatforms) = preSolution
		Debug|Any CPU = Debug|Any CPU
		Release|Any CPU = Release|Any CPU
	EndGlobalSection
	GlobalSection(ProjectConfigurationPlatforms) = postSolution
		{6C3C964D-586F-436E-818E-D4CBFA58717C}.Debug|Any CPU.ActiveCfg = Debug|Any CPU
		{6C3C964D-586F-436E-818E-D4CBFA58717C}.Debug|Any CPU.Build.0 = Debug|Any CPU
		{6C3C964D-586F-436E-818E-D4CBFA58717C}.Release|Any CPU.ActiveCfg = Release|Any CPU
		{6C3C964D-586F-436E-818E-D4CBFA58717C}.Release|Any CPU.Build.0 = Release|Any CPU
	EndGlobalSection
	GlobalSection(SolutionProperties) = preSolution
		HideSolutionNode = FALSE
	EndGlobalSection
	GlobalSection(ExtensibilityGlobals) = postSolution
		SolutionGuid = {65B8CFA8-74E2-418C-A158-272008B524C2}
	EndGlobalSection
EndGlobal
